
Microsoft Visual Studio Solution File, Format Version 12.00
# Visual Studio 15
VisualStudioVersion = 15.0.28010.2041
MinimumVisualStudioVersion = 10.0.40219.1
Project("{FAE04EC0-301F-11D3-BF4B-00C04F79EFBC}") = "Example1", "Example1\Example1.csproj", "{D2E64955-E7D0-42F4-BD09-72F92439B849}"
EndProject
Project("{FAE04EC0-301F-11D3-BF4B-00C04F79EFBC}") = "Example2PassingDataToThreads", "Example2PassingDataToThreads\Example2PassingDataToThreads.csproj", "{97D29718-BC9C-499E-A09D-A84E5C86AEB1}"
EndProject
Project("{FAE04EC0-301F-11D3-BF4B-00C04F79EFBC}") = "Example3RetreivingDataFromThreadsWithCallBackMethods", "Example3RetreivingDataFromThreadsWithCallBackMethods\Example3RetreivingDataFromThreadsWithCallBackMethods.csproj", "{2BD87826-8A2D-4420-997F-2FEE10919E17}"
EndProject
Project("{FAE04EC0-301F-11D3-BF4B-00C04F79EFBC}") = "Example4CancellingThreadsCooperatively", "Example4CancellingThreadsCooperatively\Example4CancellingThreadsCooperatively.csproj", "{299D062E-A63C-4E5A-A748-3E2DFB4A1A94}"
EndProject
Project("{FAE04EC0-301F-11D3-BF4B-00C04F79EFBC}") = "Example5UsingConcurrentQueues", "Example5UsingConcurrentQueues\Example5UsingConcurrentQueues.csproj", "{2E131886-08D5-4F4A-A136-9E68110E1858}"
EndProject
Global
	GlobalSection(SolutionConfigurationPlatforms) = preSolution
		Debug|Any CPU = Debug|Any CPU
		Release|Any CPU = Release|Any CPU
	EndGlobalSection
	GlobalSection(ProjectConfigurationPlatforms) = postSolution
		{D2E64955-E7D0-42F4-BD09-72F92439B849}.Debug|Any CPU.ActiveCfg = Debug|Any CPU
		{D2E64955-E7D0-42F4-BD09-72F92439B849}.Debug|Any CPU.Build.0 = Debug|Any CPU
		{D2E64955-E7D0-42F4-BD09-72F92439B849}.Release|Any CPU.ActiveCfg = Release|Any CPU
		{D2E64955-E7D0-42F4-BD09-72F92439B849}.Release|Any CPU.Build.0 = Release|Any CPU
		{97D29718-BC9C-499E-A09D-A84E5C86AEB1}.Debug|Any CPU.ActiveCfg = Debug|Any CPU
		{97D29718-BC9C-499E-A09D-A84E5C86AEB1}.Debug|Any CPU.Build.0 = Debug|Any CPU
		{97D29718-BC9C-499E-A09D-A84E5C86AEB1}.Release|Any CPU.ActiveCfg = Release|Any CPU
		{97D29718-BC9C-499E-A09D-A84E5C86AEB1}.Release|Any CPU.Build.0 = Release|Any CPU
		{2BD87826-8A2D-4420-997F-2FEE10919E17}.Debug|Any CPU.ActiveCfg = Debug|Any CPU
		{2BD87826-8A2D-4420-997F-2FEE10919E17}.Debug|Any CPU.Build.0 = Debug|Any CPU
		{2BD87826-8A2D-4420-997F-2FEE10919E17}.Release|Any CPU.ActiveCfg = Release|Any CPU
		{2BD87826-8A2D-4420-997F-2FEE10919E17}.Release|Any CPU.Build.0 = Release|Any CPU
		{299D062E-A63C-4E5A-A748-3E2DFB4A1A94}.Debug|Any CPU.ActiveCfg = Debug|Any CPU
		{299D062E-A63C-4E5A-A748-3E2DFB4A1A94}.Debug|Any CPU.Build.0 = Debug|Any CPU
		{299D062E-A63C-4E5A-A748-3E2DFB4A1A94}.Release|Any CPU.ActiveCfg = Release|Any CPU
		{299D062E-A63C-4E5A-A748-3E2DFB4A1A94}.Release|Any CPU.Build.0 = Release|Any CPU
		{2E131886-08D5-4F4A-A136-9E68110E1858}.Debug|Any CPU.ActiveCfg = Debug|Any CPU
		{2E131886-08D5-4F4A-A136-9E68110E1858}.Debug|Any CPU.Build.0 = Debug|Any CPU
		{2E131886-08D5-4F4A-A136-9E68110E1858}.Release|Any CPU.ActiveCfg = Release|Any CPU
		{2E131886-08D5-4F4A-A136-9E68110E1858}.Release|Any CPU.Build.0 = Release|Any CPU
	EndGlobalSection
	GlobalSection(SolutionProperties) = preSolution
		HideSolutionNode = FALSE
	EndGlobalSection
	GlobalSection(ExtensibilityGlobals) = postSolution
		SolutionGuid = {C334B239-24A4-4DDC-8670-B71F6443E662}
	EndGlobalSection
EndGlobal
