
Microsoft Visual Studio Solution File, Format Version 12.00
# Visual Studio 15
VisualStudioVersion = 15.0.28010.2041
MinimumVisualStudioVersion = 10.0.40219.1
Project("{FAE04EC0-301F-11D3-BF4B-00C04F79EFBC}") = "Example1", "Example1\Example1.csproj", "{D2E64955-E7D0-42F4-BD09-72F92439B849}"
EndProject
Global
	GlobalSection(SolutionConfigurationPlatforms) = preSolution
		Debug|Any CPU = Debug|Any CPU
		Release|Any CPU = Release|Any CPU
	EndGlobalSection
	GlobalSection(ProjectConfigurationPlatforms) = postSolution
		{D2E64955-E7D0-42F4-BD09-72F92439B849}.Debug|Any CPU.ActiveCfg = Debug|Any CPU
		{D2E64955-E7D0-42F4-BD09-72F92439B849}.Debug|Any CPU.Build.0 = Debug|Any CPU
		{D2E64955-E7D0-42F4-BD09-72F92439B849}.Release|Any CPU.ActiveCfg = Release|Any CPU
		{D2E64955-E7D0-42F4-BD09-72F92439B849}.Release|Any CPU.Build.0 = Release|Any CPU
	EndGlobalSection
	GlobalSection(SolutionProperties) = preSolution
		HideSolutionNode = FALSE
	EndGlobalSection
	GlobalSection(ExtensibilityGlobals) = postSolution
		SolutionGuid = {C334B239-24A4-4DDC-8670-B71F6443E662}
	EndGlobalSection
EndGlobal
